
Microsoft Visual Studio Solution File, Format Version 12.00
# Visual Studio Version 16
VisualStudioVersion = 16.0.30517.126
MinimumVisualStudioVersion = 10.0.40219.1
Project("{8BC9CEB8-8B4A-11D0-8D11-00A0C91BC942}") = "vvp lab 4 №2", "vvp lab 4 №2.vcxproj", "{7FB6B27D-6FAC-46E7-9A2C-051873976FC7}"
EndProject
Global
	GlobalSection(SolutionConfigurationPlatforms) = preSolution
		Debug|x64 = Debug|x64
		Debug|x86 = Debug|x86
		Release|x64 = Release|x64
		Release|x86 = Release|x86
	EndGlobalSection
	GlobalSection(ProjectConfigurationPlatforms) = postSolution
		{7FB6B27D-6FAC-46E7-9A2C-051873976FC7}.Debug|x64.ActiveCfg = Debug|x64
		{7FB6B27D-6FAC-46E7-9A2C-051873976FC7}.Debug|x64.Build.0 = Debug|x64
		{7FB6B27D-6FAC-46E7-9A2C-051873976FC7}.Debug|x86.ActiveCfg = Debug|Win32
		{7FB6B27D-6FAC-46E7-9A2C-051873976FC7}.Debug|x86.Build.0 = Debug|Win32
		{7FB6B27D-6FAC-46E7-9A2C-051873976FC7}.Release|x64.ActiveCfg = Release|x64
		{7FB6B27D-6FAC-46E7-9A2C-051873976FC7}.Release|x64.Build.0 = Release|x64
		{7FB6B27D-6FAC-46E7-9A2C-051873976FC7}.Release|x86.ActiveCfg = Release|Win32
		{7FB6B27D-6FAC-46E7-9A2C-051873976FC7}.Release|x86.Build.0 = Release|Win32
	EndGlobalSection
	GlobalSection(SolutionProperties) = preSolution
		HideSolutionNode = FALSE
	EndGlobalSection
	GlobalSection(ExtensibilityGlobals) = postSolution
		SolutionGuid = {2972174E-9AC5-4EE9-B08D-74C42FF5309D}
	EndGlobalSection
EndGlobal
